
Microsoft Visual Studio Solution File, Format Version 12.00
# Visual Studio Version 17
VisualStudioVersion = 17.9.34728.123
MinimumVisualStudioVersion = 10.0.40219.1
Project("{FAE04EC0-301F-11D3-BF4B-00C04F79EFBC}") = "Teste7Comm.API", "Teste7Comm.API\Teste7Comm.API.csproj", "{CF52C8FF-8724-41C8-99D6-AB156FE59BFE}"
EndProject
Project("{FAE04EC0-301F-11D3-BF4B-00C04F79EFBC}") = "Teste7Comm.Web", "Teste7Comm.Web\Teste7Comm.Web.csproj", "{5BE259FC-3B84-4F49-81E4-5B006B595555}"
EndProject
Global
	GlobalSection(SolutionConfigurationPlatforms) = preSolution
		Debug|Any CPU = Debug|Any CPU
		Release|Any CPU = Release|Any CPU
	EndGlobalSection
	GlobalSection(ProjectConfigurationPlatforms) = postSolution
		{CF52C8FF-8724-41C8-99D6-AB156FE59BFE}.Debug|Any CPU.ActiveCfg = Debug|Any CPU
		{CF52C8FF-8724-41C8-99D6-AB156FE59BFE}.Debug|Any CPU.Build.0 = Debug|Any CPU
		{CF52C8FF-8724-41C8-99D6-AB156FE59BFE}.Release|Any CPU.ActiveCfg = Release|Any CPU
		{CF52C8FF-8724-41C8-99D6-AB156FE59BFE}.Release|Any CPU.Build.0 = Release|Any CPU
		{5BE259FC-3B84-4F49-81E4-5B006B595555}.Debug|Any CPU.ActiveCfg = Debug|Any CPU
		{5BE259FC-3B84-4F49-81E4-5B006B595555}.Debug|Any CPU.Build.0 = Debug|Any CPU
		{5BE259FC-3B84-4F49-81E4-5B006B595555}.Release|Any CPU.ActiveCfg = Release|Any CPU
		{5BE259FC-3B84-4F49-81E4-5B006B595555}.Release|Any CPU.Build.0 = Release|Any CPU
	EndGlobalSection
	GlobalSection(SolutionProperties) = preSolution
		HideSolutionNode = FALSE
	EndGlobalSection
	GlobalSection(ExtensibilityGlobals) = postSolution
		SolutionGuid = {99A46A83-9D85-4786-8C3F-8318A1A8DF6B}
	EndGlobalSection
EndGlobal
